// !$*UTF8*$!
{
	archiveVersion = 1;
	classes = {
	};
	objectVersion = 56;
	objects = {

/* Begin PBXBuildFile section */
		CE00EC092B1862920035CA85 /* DetailsCollectionViewCell.swift in Sources */ = {isa = PBXBuildFile; fileRef = CE00EC082B1862920035CA85 /* DetailsCollectionViewCell.swift */; };
		CE8604002B14BAF30057C455 /* AppDelegate.swift in Sources */ = {isa = PBXBuildFile; fileRef = CE8603FF2B14BAF30057C455 /* AppDelegate.swift */; };
		CE8604042B14BAF30057C455 /* GeneralViewController.swift in Sources */ = {isa = PBXBuildFile; fileRef = CE8604032B14BAF30057C455 /* GeneralViewController.swift */; };
		CE8604092B14BAF40057C455 /* Assets.xcassets in Resources */ = {isa = PBXBuildFile; fileRef = CE8604082B14BAF40057C455 /* Assets.xcassets */; };
		CE86040C2B14BAF40057C455 /* LaunchScreen.storyboard in Resources */ = {isa = PBXBuildFile; fileRef = CE86040A2B14BAF40057C455 /* LaunchScreen.storyboard */; };
		CE8604142B14C2110057C455 /* TabBarController.swift in Sources */ = {isa = PBXBuildFile; fileRef = CE8604132B14C2110057C455 /* TabBarController.swift */; };
		CE8604162B14C4840057C455 /* BusinessViewController.swift in Sources */ = {isa = PBXBuildFile; fileRef = CE8604152B14C4840057C455 /* BusinessViewController.swift */; };
		CE8604182B15CC7E0057C455 /* TechnologyViewController.swift in Sources */ = {isa = PBXBuildFile; fileRef = CE8604172B15CC7E0057C455 /* TechnologyViewController.swift */; };
		CE86041F2B15D47A0057C455 /* Localizable.strings in Resources */ = {isa = PBXBuildFile; fileRef = CE8604212B15D47A0057C455 /* Localizable.strings */; };
		CE8604252B15FC410057C455 /* SnapKit in Frameworks */ = {isa = PBXBuildFile; productRef = CE8604242B15FC410057C455 /* SnapKit */; };
		CE8604272B15FC410057C455 /* SnapKit-Dynamic in Frameworks */ = {isa = PBXBuildFile; productRef = CE8604262B15FC410057C455 /* SnapKit-Dynamic */; };
		CE86042D2B1658010057C455 /* GeneralCollectionViewCell.swift in Sources */ = {isa = PBXBuildFile; fileRef = CE86042C2B1658010057C455 /* GeneralCollectionViewCell.swift */; };
		CE86042F2B16687E0057C455 /* NewsVC.swift in Sources */ = {isa = PBXBuildFile; fileRef = CE86042E2B16687E0057C455 /* NewsVC.swift */; };
		CE86043B2B170F770057C455 /* UIView Extens.swift in Sources */ = {isa = PBXBuildFile; fileRef = CE86043A2B170F770057C455 /* UIView Extens.swift */; };
		CE9C5C1E2B208B6E0038B150 /* TableCollectionViewSection.swift in Sources */ = {isa = PBXBuildFile; fileRef = CE9C5C1D2B208B6E0038B150 /* TableCollectionViewSection.swift */; };
		CE9C5C202B21C5520038B150 /* NewsListViewModel.swift in Sources */ = {isa = PBXBuildFile; fileRef = CE9C5C1F2B21C5520038B150 /* NewsListViewModel.swift */; };
		CEB011582B1DEB96007333C1 /* NewsViewModel.swift in Sources */ = {isa = PBXBuildFile; fileRef = CEB011572B1DEB96007333C1 /* NewsViewModel.swift */; };
		CEBFFB782B18883B0075EACD /* GeneralViewModel.swift in Sources */ = {isa = PBXBuildFile; fileRef = CEBFFB772B18883B0075EACD /* GeneralViewModel.swift */; };
		CEBFFB7B2B189BF30075EACD /* NewsResponseObject.swift in Sources */ = {isa = PBXBuildFile; fileRef = CEBFFB7A2B189BF30075EACD /* NewsResponseObject.swift */; };
		CEBFFB7D2B18A08E0075EACD /* ArticleResponseObject.swift in Sources */ = {isa = PBXBuildFile; fileRef = CEBFFB7C2B18A08E0075EACD /* ArticleResponseObject.swift */; };
		CEBFFB802B18A9170075EACD /* ArticleCellViewModel.swift in Sources */ = {isa = PBXBuildFile; fileRef = CEBFFB7F2B18A9170075EACD /* ArticleCellViewModel.swift */; };
		CEBFFB822B1B4CD80075EACD /* ApiManager.swift in Sources */ = {isa = PBXBuildFile; fileRef = CEBFFB812B1B4CD80075EACD /* ApiManager.swift */; };
		CEBFFB852B1B60F10075EACD /* NetworkingError.swift in Sources */ = {isa = PBXBuildFile; fileRef = CEBFFB842B1B60F10075EACD /* NetworkingError.swift */; };
		CEE6FB5F2B1F783600E5465A /* BusinessViewModel.swift in Sources */ = {isa = PBXBuildFile; fileRef = CEE6FB5E2B1F783600E5465A /* BusinessViewModel.swift */; };
		CEE6FB612B1F839100E5465A /* TechnologyCollectionViewCell.swift in Sources */ = {isa = PBXBuildFile; fileRef = CEE6FB602B1F839100E5465A /* TechnologyCollectionViewCell.swift */; };
		CEE6FB642B1F845100E5465A /* TechnologyViewModel.swift in Sources */ = {isa = PBXBuildFile; fileRef = CEE6FB632B1F845100E5465A /* TechnologyViewModel.swift */; };
/* End PBXBuildFile section */

/* Begin PBXFileReference section */
		CE00EC082B1862920035CA85 /* DetailsCollectionViewCell.swift */ = {isa = PBXFileReference; lastKnownFileType = sourcecode.swift; path = DetailsCollectionViewCell.swift; sourceTree = "<group>"; };
		CE8603FC2B14BAF30057C455 /* newsApp.app */ = {isa = PBXFileReference; explicitFileType = wrapper.application; includeInIndex = 0; path = newsApp.app; sourceTree = BUILT_PRODUCTS_DIR; };
		CE8603FF2B14BAF30057C455 /* AppDelegate.swift */ = {isa = PBXFileReference; lastKnownFileType = sourcecode.swift; path = AppDelegate.swift; sourceTree = "<group>"; };
		CE8604032B14BAF30057C455 /* GeneralViewController.swift */ = {isa = PBXFileReference; lastKnownFileType = sourcecode.swift; path = GeneralViewController.swift; sourceTree = "<group>"; };
		CE8604082B14BAF40057C455 /* Assets.xcassets */ = {isa = PBXFileReference; lastKnownFileType = folder.assetcatalog; path = Assets.xcassets; sourceTree = "<group>"; };
		CE86040B2B14BAF40057C455 /* Base */ = {isa = PBXFileReference; lastKnownFileType = file.storyboard; name = Base; path = Base.lproj/LaunchScreen.storyboard; sourceTree = "<group>"; };
		CE86040D2B14BAF40057C455 /* Info.plist */ = {isa = PBXFileReference; lastKnownFileType = text.plist.xml; path = Info.plist; sourceTree = "<group>"; };
		CE8604132B14C2110057C455 /* TabBarController.swift */ = {isa = PBXFileReference; lastKnownFileType = sourcecode.swift; path = TabBarController.swift; sourceTree = "<group>"; };
		CE8604152B14C4840057C455 /* BusinessViewController.swift */ = {isa = PBXFileReference; lastKnownFileType = sourcecode.swift; path = BusinessViewController.swift; sourceTree = "<group>"; };
		CE8604172B15CC7E0057C455 /* TechnologyViewController.swift */ = {isa = PBXFileReference; lastKnownFileType = sourcecode.swift; path = TechnologyViewController.swift; sourceTree = "<group>"; };
		CE8604202B15D47A0057C455 /* en */ = {isa = PBXFileReference; lastKnownFileType = text.plist.strings; name = en; path = en.lproj/Localizable.strings; sourceTree = "<group>"; };
		CE86042C2B1658010057C455 /* GeneralCollectionViewCell.swift */ = {isa = PBXFileReference; lastKnownFileType = sourcecode.swift; path = GeneralCollectionViewCell.swift; sourceTree = "<group>"; };
		CE86042E2B16687E0057C455 /* NewsVC.swift */ = {isa = PBXFileReference; lastKnownFileType = sourcecode.swift; path = NewsVC.swift; sourceTree = "<group>"; };
		CE86043A2B170F770057C455 /* UIView Extens.swift */ = {isa = PBXFileReference; lastKnownFileType = sourcecode.swift; path = "UIView Extens.swift"; sourceTree = "<group>"; };
		CE9C5C1D2B208B6E0038B150 /* TableCollectionViewSection.swift */ = {isa = PBXFileReference; lastKnownFileType = sourcecode.swift; path = TableCollectionViewSection.swift; sourceTree = "<group>"; };
		CE9C5C1F2B21C5520038B150 /* NewsListViewModel.swift */ = {isa = PBXFileReference; lastKnownFileType = sourcecode.swift; path = NewsListViewModel.swift; sourceTree = "<group>"; };
		CEB011572B1DEB96007333C1 /* NewsViewModel.swift */ = {isa = PBXFileReference; lastKnownFileType = sourcecode.swift; path = NewsViewModel.swift; sourceTree = "<group>"; };
		CEBFFB772B18883B0075EACD /* GeneralViewModel.swift */ = {isa = PBXFileReference; lastKnownFileType = sourcecode.swift; path = GeneralViewModel.swift; sourceTree = "<group>"; };
		CEBFFB7A2B189BF30075EACD /* NewsResponseObject.swift */ = {isa = PBXFileReference; lastKnownFileType = sourcecode.swift; path = NewsResponseObject.swift; sourceTree = "<group>"; };
		CEBFFB7C2B18A08E0075EACD /* ArticleResponseObject.swift */ = {isa = PBXFileReference; lastKnownFileType = sourcecode.swift; path = ArticleResponseObject.swift; sourceTree = "<group>"; };
		CEBFFB7F2B18A9170075EACD /* ArticleCellViewModel.swift */ = {isa = PBXFileReference; lastKnownFileType = sourcecode.swift; path = ArticleCellViewModel.swift; sourceTree = "<group>"; };
		CEBFFB812B1B4CD80075EACD /* ApiManager.swift */ = {isa = PBXFileReference; lastKnownFileType = sourcecode.swift; path = ApiManager.swift; sourceTree = "<group>"; };
		CEBFFB842B1B60F10075EACD /* NetworkingError.swift */ = {isa = PBXFileReference; lastKnownFileType = sourcecode.swift; path = NetworkingError.swift; sourceTree = "<group>"; };
		CEE6FB5E2B1F783600E5465A /* BusinessViewModel.swift */ = {isa = PBXFileReference; lastKnownFileType = sourcecode.swift; path = BusinessViewModel.swift; sourceTree = "<group>"; };
		CEE6FB602B1F839100E5465A /* TechnologyCollectionViewCell.swift */ = {isa = PBXFileReference; lastKnownFileType = sourcecode.swift; path = TechnologyCollectionViewCell.swift; sourceTree = "<group>"; };
		CEE6FB632B1F845100E5465A /* TechnologyViewModel.swift */ = {isa = PBXFileReference; lastKnownFileType = sourcecode.swift; path = TechnologyViewModel.swift; sourceTree = "<group>"; };
/* End PBXFileReference section */

/* Begin PBXFrameworksBuildPhase section */
		CE8603F92B14BAF30057C455 /* Frameworks */ = {
			isa = PBXFrameworksBuildPhase;
			buildActionMask = 2147483647;
			files = (
				CE8604252B15FC410057C455 /* SnapKit in Frameworks */,
				CE8604272B15FC410057C455 /* SnapKit-Dynamic in Frameworks */,
			);
			runOnlyForDeploymentPostprocessing = 0;
		};
/* End PBXFrameworksBuildPhase section */

/* Begin PBXGroup section */
		CE00EC072B183A1E0035CA85 /* News */ = {
			isa = PBXGroup;
			children = (
				CEE6FB592B1F384900E5465A /* ViewModel */,
				CEE6FB572B1E416D00E5465A /* View */,
			);
			path = News;
			sourceTree = "<group>";
		};
		CE8603F32B14BAF30057C455 = {
			isa = PBXGroup;
			children = (
				CE8603FE2B14BAF30057C455 /* newsApp */,
				CE8603FD2B14BAF30057C455 /* Products */,
			);
			sourceTree = "<group>";
		};
		CE8603FD2B14BAF30057C455 /* Products */ = {
			isa = PBXGroup;
			children = (
				CE8603FC2B14BAF30057C455 /* newsApp.app */,
			);
			name = Products;
			sourceTree = "<group>";
		};
		CE8603FE2B14BAF30057C455 /* newsApp */ = {
			isa = PBXGroup;
			children = (
				CE8603FF2B14BAF30057C455 /* AppDelegate.swift */,
				CE8604132B14C2110057C455 /* TabBarController.swift */,
				CE9C5C1F2B21C5520038B150 /* NewsListViewModel.swift */,
				CEBFFB832B1B4F7B0075EACD /* Networking */,
				CE00EC072B183A1E0035CA85 /* News */,
				CE8604282B1656DB0057C455 /* General */,
				CE8604292B1656E80057C455 /* Business */,
				CE86042A2B1656F10057C455 /* Technology */,
				CE86043C2B170F810057C455 /* Extensions */,
				CE8604082B14BAF40057C455 /* Assets.xcassets */,
				CE86040A2B14BAF40057C455 /* LaunchScreen.storyboard */,
				CE8604212B15D47A0057C455 /* Localizable.strings */,
				CE86040D2B14BAF40057C455 /* Info.plist */,
			);
			path = newsApp;
			sourceTree = "<group>";
		};
		CE8604282B1656DB0057C455 /* General */ = {
			isa = PBXGroup;
			children = (
				CE86042B2B1657D90057C455 /* View */,
				CEBFFB792B1888460075EACD /* ViewModel */,
				CEBFFB7E2B18A49C0075EACD /* Model */,
			);
			path = General;
			sourceTree = "<group>";
		};
		CE8604292B1656E80057C455 /* Business */ = {
			isa = PBXGroup;
			children = (
				CEE6FB5D2B1F398400E5465A /* View */,
				CEE6FB5C2B1F397000E5465A /* ViewModel */,
			);
			path = Business;
			sourceTree = "<group>";
		};
		CE86042A2B1656F10057C455 /* Technology */ = {
			isa = PBXGroup;
			children = (
				CEE6FB622B1F839700E5465A /* View */,
				CEE6FB652B1F845600E5465A /* ViewModel */,
			);
			path = Technology;
			sourceTree = "<group>";
		};
		CE86042B2B1657D90057C455 /* View */ = {
			isa = PBXGroup;
			children = (
				CE8604032B14BAF30057C455 /* GeneralViewController.swift */,
				CE86042C2B1658010057C455 /* GeneralCollectionViewCell.swift */,
			);
			path = View;
			sourceTree = "<group>";
		};
		CE86043C2B170F810057C455 /* Extensions */ = {
			isa = PBXGroup;
			children = (
				CE86043A2B170F770057C455 /* UIView Extens.swift */,
			);
			path = Extensions;
			sourceTree = "<group>";
		};
		CEBFFB792B1888460075EACD /* ViewModel */ = {
			isa = PBXGroup;
			children = (
				CEBFFB772B18883B0075EACD /* GeneralViewModel.swift */,
				CEBFFB7F2B18A9170075EACD /* ArticleCellViewModel.swift */,
			);
			path = ViewModel;
			sourceTree = "<group>";
		};
		CEBFFB7E2B18A49C0075EACD /* Model */ = {
			isa = PBXGroup;
			children = (
				CEBFFB7A2B189BF30075EACD /* NewsResponseObject.swift */,
				CEBFFB7C2B18A08E0075EACD /* ArticleResponseObject.swift */,
				CE9C5C1D2B208B6E0038B150 /* TableCollectionViewSection.swift */,
			);
			path = Model;
			sourceTree = "<group>";
		};
		CEBFFB832B1B4F7B0075EACD /* Networking */ = {
			isa = PBXGroup;
			children = (
				CEBFFB812B1B4CD80075EACD /* ApiManager.swift */,
				CEBFFB842B1B60F10075EACD /* NetworkingError.swift */,
			);
			path = Networking;
			sourceTree = "<group>";
		};
		CEE6FB572B1E416D00E5465A /* View */ = {
			isa = PBXGroup;
			children = (
				CE86042E2B16687E0057C455 /* NewsVC.swift */,
			);
			path = View;
			sourceTree = "<group>";
		};
		CEE6FB592B1F384900E5465A /* ViewModel */ = {
			isa = PBXGroup;
			children = (
				CEB011572B1DEB96007333C1 /* NewsViewModel.swift */,
			);
			path = ViewModel;
			sourceTree = "<group>";
		};
		CEE6FB5C2B1F397000E5465A /* ViewModel */ = {
			isa = PBXGroup;
			children = (
				CEE6FB5E2B1F783600E5465A /* BusinessViewModel.swift */,
			);
			path = ViewModel;
			sourceTree = "<group>";
		};
		CEE6FB5D2B1F398400E5465A /* View */ = {
			isa = PBXGroup;
			children = (
				CE8604152B14C4840057C455 /* BusinessViewController.swift */,
				CE00EC082B1862920035CA85 /* DetailsCollectionViewCell.swift */,
			);
			path = View;
			sourceTree = "<group>";
		};
		CEE6FB622B1F839700E5465A /* View */ = {
			isa = PBXGroup;
			children = (
				CE8604172B15CC7E0057C455 /* TechnologyViewController.swift */,
				CEE6FB602B1F839100E5465A /* TechnologyCollectionViewCell.swift */,
			);
			name = View;
			sourceTree = "<group>";
		};
		CEE6FB652B1F845600E5465A /* ViewModel */ = {
			isa = PBXGroup;
			children = (
				CEE6FB632B1F845100E5465A /* TechnologyViewModel.swift */,
			);
			path = ViewModel;
			sourceTree = "<group>";
		};
/* End PBXGroup section */

/* Begin PBXNativeTarget section */
		CE8603FB2B14BAF30057C455 /* newsApp */ = {
			isa = PBXNativeTarget;
			buildConfigurationList = CE8604102B14BAF40057C455 /* Build configuration list for PBXNativeTarget "newsApp" */;
			buildPhases = (
				CE8603F82B14BAF30057C455 /* Sources */,
				CE8603F92B14BAF30057C455 /* Frameworks */,
				CE8603FA2B14BAF30057C455 /* Resources */,
			);
			buildRules = (
			);
			dependencies = (
			);
			name = newsApp;
			packageProductDependencies = (
				CE8604242B15FC410057C455 /* SnapKit */,
				CE8604262B15FC410057C455 /* SnapKit-Dynamic */,
			);
			productName = newsApp;
			productReference = CE8603FC2B14BAF30057C455 /* newsApp.app */;
			productType = "com.apple.product-type.application";
		};
/* End PBXNativeTarget section */

/* Begin PBXProject section */
		CE8603F42B14BAF30057C455 /* Project object */ = {
			isa = PBXProject;
			attributes = {
				BuildIndependentTargetsInParallel = 1;
				LastSwiftUpdateCheck = 1500;
				LastUpgradeCheck = 1500;
				TargetAttributes = {
					CE8603FB2B14BAF30057C455 = {
						CreatedOnToolsVersion = 15.0.1;
					};
				};
			};
			buildConfigurationList = CE8603F72B14BAF30057C455 /* Build configuration list for PBXProject "newsApp" */;
			compatibilityVersion = "Xcode 14.0";
			developmentRegion = en;
			hasScannedForEncodings = 0;
			knownRegions = (
				en,
				Base,
			);
			mainGroup = CE8603F32B14BAF30057C455;
			packageReferences = (
				CE8604232B15FC410057C455 /* XCRemoteSwiftPackageReference "SnapKit" */,
			);
			productRefGroup = CE8603FD2B14BAF30057C455 /* Products */;
			projectDirPath = "";
			projectRoot = "";
			targets = (
				CE8603FB2B14BAF30057C455 /* newsApp */,
			);
		};
/* End PBXProject section */

/* Begin PBXResourcesBuildPhase section */
		CE8603FA2B14BAF30057C455 /* Resources */ = {
			isa = PBXResourcesBuildPhase;
			buildActionMask = 2147483647;
			files = (
				CE86040C2B14BAF40057C455 /* LaunchScreen.storyboard in Resources */,
				CE86041F2B15D47A0057C455 /* Localizable.strings in Resources */,
				CE8604092B14BAF40057C455 /* Assets.xcassets in Resources */,
			);
			runOnlyForDeploymentPostprocessing = 0;
		};
/* End PBXResourcesBuildPhase section */

/* Begin PBXSourcesBuildPhase section */
		CE8603F82B14BAF30057C455 /* Sources */ = {
			isa = PBXSourcesBuildPhase;
			buildActionMask = 2147483647;
			files = (
				CE8604182B15CC7E0057C455 /* TechnologyViewController.swift in Sources */,
				CE8604142B14C2110057C455 /* TabBarController.swift in Sources */,
				CE9C5C1E2B208B6E0038B150 /* TableCollectionViewSection.swift in Sources */,
				CEBFFB852B1B60F10075EACD /* NetworkingError.swift in Sources */,
				CEE6FB5F2B1F783600E5465A /* BusinessViewModel.swift in Sources */,
				CEBFFB782B18883B0075EACD /* GeneralViewModel.swift in Sources */,
				CE8604042B14BAF30057C455 /* GeneralViewController.swift in Sources */,
				CEBFFB802B18A9170075EACD /* ArticleCellViewModel.swift in Sources */,
				CE86042F2B16687E0057C455 /* NewsVC.swift in Sources */,
				CEBFFB822B1B4CD80075EACD /* ApiManager.swift in Sources */,
				CEB011582B1DEB96007333C1 /* NewsViewModel.swift in Sources */,
				CEBFFB7B2B189BF30075EACD /* NewsResponseObject.swift in Sources */,
				CE8604162B14C4840057C455 /* BusinessViewController.swift in Sources */,
				CEE6FB642B1F845100E5465A /* TechnologyViewModel.swift in Sources */,
				CEE6FB612B1F839100E5465A /* TechnologyCollectionViewCell.swift in Sources */,
				CE86043B2B170F770057C455 /* UIView Extens.swift in Sources */,
				CE00EC092B1862920035CA85 /* DetailsCollectionViewCell.swift in Sources */,
				CE9C5C202B21C5520038B150 /* NewsListViewModel.swift in Sources */,
				CE8604002B14BAF30057C455 /* AppDelegate.swift in Sources */,
				CEBFFB7D2B18A08E0075EACD /* ArticleResponseObject.swift in Sources */,
				CE86042D2B1658010057C455 /* GeneralCollectionViewCell.swift in Sources */,
			);
			runOnlyForDeploymentPostprocessing = 0;
		};
/* End PBXSourcesBuildPhase section */

/* Begin PBXVariantGroup section */
		CE86040A2B14BAF40057C455 /* LaunchScreen.storyboard */ = {
			isa = PBXVariantGroup;
			children = (
				CE86040B2B14BAF40057C455 /* Base */,
			);
			name = LaunchScreen.storyboard;
			sourceTree = "<group>";
		};
		CE8604212B15D47A0057C455 /* Localizable.strings */ = {
			isa = PBXVariantGroup;
			children = (
				CE8604202B15D47A0057C455 /* en */,
			);
			name = Localizable.strings;
			sourceTree = "<group>";
		};
/* End PBXVariantGroup section */

/* Begin XCBuildConfiguration section */
		CE86040E2B14BAF40057C455 /* Debug */ = {
			isa = XCBuildConfiguration;
			buildSettings = {
				ALWAYS_SEARCH_USER_PATHS = NO;
				ASSETCATALOG_COMPILER_GENERATE_SWIFT_ASSET_SYMBOL_EXTENSIONS = YES;
				CLANG_ANALYZER_LOCALIZABILITY_NONLOCALIZED = YES;
				CLANG_ANALYZER_NONNULL = YES;
				CLANG_ANALYZER_NUMBER_OBJECT_CONVERSION = YES_AGGRESSIVE;
				CLANG_CXX_LANGUAGE_STANDARD = "gnu++20";
				CLANG_ENABLE_MODULES = YES;
				CLANG_ENABLE_OBJC_ARC = YES;
				CLANG_ENABLE_OBJC_WEAK = YES;
				CLANG_WARN_BLOCK_CAPTURE_AUTORELEASING = YES;
				CLANG_WARN_BOOL_CONVERSION = YES;
				CLANG_WARN_COMMA = YES;
				CLANG_WARN_CONSTANT_CONVERSION = YES;
				CLANG_WARN_DEPRECATED_OBJC_IMPLEMENTATIONS = YES;
				CLANG_WARN_DIRECT_OBJC_ISA_USAGE = YES_ERROR;
				CLANG_WARN_DOCUMENTATION_COMMENTS = YES;
				CLANG_WARN_EMPTY_BODY = YES;
				CLANG_WARN_ENUM_CONVERSION = YES;
				CLANG_WARN_INFINITE_RECURSION = YES;
				CLANG_WARN_INT_CONVERSION = YES;
				CLANG_WARN_NON_LITERAL_NULL_CONVERSION = YES;
				CLANG_WARN_OBJC_IMPLICIT_RETAIN_SELF = YES;
				CLANG_WARN_OBJC_LITERAL_CONVERSION = YES;
				CLANG_WARN_OBJC_ROOT_CLASS = YES_ERROR;
				CLANG_WARN_QUOTED_INCLUDE_IN_FRAMEWORK_HEADER = YES;
				CLANG_WARN_RANGE_LOOP_ANALYSIS = YES;
				CLANG_WARN_STRICT_PROTOTYPES = YES;
				CLANG_WARN_SUSPICIOUS_MOVE = YES;
				CLANG_WARN_UNGUARDED_AVAILABILITY = YES_AGGRESSIVE;
				CLANG_WARN_UNREACHABLE_CODE = YES;
				CLANG_WARN__DUPLICATE_METHOD_MATCH = YES;
				COPY_PHASE_STRIP = NO;
				DEBUG_INFORMATION_FORMAT = dwarf;
				ENABLE_STRICT_OBJC_MSGSEND = YES;
				ENABLE_TESTABILITY = YES;
				ENABLE_USER_SCRIPT_SANDBOXING = YES;
				GCC_C_LANGUAGE_STANDARD = gnu17;
				GCC_DYNAMIC_NO_PIC = NO;
				GCC_NO_COMMON_BLOCKS = YES;
				GCC_OPTIMIZATION_LEVEL = 0;
				GCC_PREPROCESSOR_DEFINITIONS = (
					"DEBUG=1",
					"$(inherited)",
				);
				GCC_WARN_64_TO_32_BIT_CONVERSION = YES;
				GCC_WARN_ABOUT_RETURN_TYPE = YES_ERROR;
				GCC_WARN_UNDECLARED_SELECTOR = YES;
				GCC_WARN_UNINITIALIZED_AUTOS = YES_AGGRESSIVE;
				GCC_WARN_UNUSED_FUNCTION = YES;
				GCC_WARN_UNUSED_VARIABLE = YES;
				IPHONEOS_DEPLOYMENT_TARGET = 17.0;
				LOCALIZATION_PREFERS_STRING_CATALOGS = YES;
				MTL_ENABLE_DEBUG_INFO = INCLUDE_SOURCE;
				MTL_FAST_MATH = YES;
				ONLY_ACTIVE_ARCH = YES;
				SDKROOT = iphoneos;
				SWIFT_ACTIVE_COMPILATION_CONDITIONS = "DEBUG $(inherited)";
				SWIFT_OPTIMIZATION_LEVEL = "-Onone";
			};
			name = Debug;
		};
		CE86040F2B14BAF40057C455 /* Release */ = {
			isa = XCBuildConfiguration;
			buildSettings = {
				ALWAYS_SEARCH_USER_PATHS = NO;
				ASSETCATALOG_COMPILER_GENERATE_SWIFT_ASSET_SYMBOL_EXTENSIONS = YES;
				CLANG_ANALYZER_LOCALIZABILITY_NONLOCALIZED = YES;
				CLANG_ANALYZER_NONNULL = YES;
				CLANG_ANALYZER_NUMBER_OBJECT_CONVERSION = YES_AGGRESSIVE;
				CLANG_CXX_LANGUAGE_STANDARD = "gnu++20";
				CLANG_ENABLE_MODULES = YES;
				CLANG_ENABLE_OBJC_ARC = YES;
				CLANG_ENABLE_OBJC_WEAK = YES;
				CLANG_WARN_BLOCK_CAPTURE_AUTORELEASING = YES;
				CLANG_WARN_BOOL_CONVERSION = YES;
				CLANG_WARN_COMMA = YES;
				CLANG_WARN_CONSTANT_CONVERSION = YES;
				CLANG_WARN_DEPRECATED_OBJC_IMPLEMENTATIONS = YES;
				CLANG_WARN_DIRECT_OBJC_ISA_USAGE = YES_ERROR;
				CLANG_WARN_DOCUMENTATION_COMMENTS = YES;
				CLANG_WARN_EMPTY_BODY = YES;
				CLANG_WARN_ENUM_CONVERSION = YES;
				CLANG_WARN_INFINITE_RECURSION = YES;
				CLANG_WARN_INT_CONVERSION = YES;
				CLANG_WARN_NON_LITERAL_NULL_CONVERSION = YES;
				CLANG_WARN_OBJC_IMPLICIT_RETAIN_SELF = YES;
				CLANG_WARN_OBJC_LITERAL_CONVERSION = YES;
				CLANG_WARN_OBJC_ROOT_CLASS = YES_ERROR;
				CLANG_WARN_QUOTED_INCLUDE_IN_FRAMEWORK_HEADER = YES;
				CLANG_WARN_RANGE_LOOP_ANALYSIS = YES;
				CLANG_WARN_STRICT_PROTOTYPES = YES;
				CLANG_WARN_SUSPICIOUS_MOVE = YES;
				CLANG_WARN_UNGUARDED_AVAILABILITY = YES_AGGRESSIVE;
				CLANG_WARN_UNREACHABLE_CODE = YES;
				CLANG_WARN__DUPLICATE_METHOD_MATCH = YES;
				COPY_PHASE_STRIP = NO;
				DEBUG_INFORMATION_FORMAT = "dwarf-with-dsym";
				ENABLE_NS_ASSERTIONS = NO;
				ENABLE_STRICT_OBJC_MSGSEND = YES;
				ENABLE_USER_SCRIPT_SANDBOXING = YES;
				GCC_C_LANGUAGE_STANDARD = gnu17;
				GCC_NO_COMMON_BLOCKS = YES;
				GCC_WARN_64_TO_32_BIT_CONVERSION = YES;
				GCC_WARN_ABOUT_RETURN_TYPE = YES_ERROR;
				GCC_WARN_UNDECLARED_SELECTOR = YES;
				GCC_WARN_UNINITIALIZED_AUTOS = YES_AGGRESSIVE;
				GCC_WARN_UNUSED_FUNCTION = YES;
				GCC_WARN_UNUSED_VARIABLE = YES;
				IPHONEOS_DEPLOYMENT_TARGET = 17.0;
				LOCALIZATION_PREFERS_STRING_CATALOGS = YES;
				MTL_ENABLE_DEBUG_INFO = NO;
				MTL_FAST_MATH = YES;
				SDKROOT = iphoneos;
				SWIFT_COMPILATION_MODE = wholemodule;
				VALIDATE_PRODUCT = YES;
			};
			name = Release;
		};
		CE8604112B14BAF40057C455 /* Debug */ = {
			isa = XCBuildConfiguration;
			buildSettings = {
				ASSETCATALOG_COMPILER_APPICON_NAME = AppIcon;
				ASSETCATALOG_COMPILER_GLOBAL_ACCENT_COLOR_NAME = AccentColor;
				CODE_SIGN_STYLE = Automatic;
				CURRENT_PROJECT_VERSION = 1;
				GENERATE_INFOPLIST_FILE = YES;
				INFOPLIST_FILE = newsApp/Info.plist;
				INFOPLIST_KEY_UIApplicationSupportsIndirectInputEvents = YES;
				INFOPLIST_KEY_UILaunchStoryboardName = LaunchScreen;
				INFOPLIST_KEY_UISupportedInterfaceOrientations_iPad = "UIInterfaceOrientationPortrait UIInterfaceOrientationPortraitUpsideDown UIInterfaceOrientationLandscapeLeft UIInterfaceOrientationLandscapeRight";
				INFOPLIST_KEY_UISupportedInterfaceOrientations_iPhone = "UIInterfaceOrientationPortrait UIInterfaceOrientationLandscapeLeft UIInterfaceOrientationLandscapeRight";
				LD_RUNPATH_SEARCH_PATHS = (
					"$(inherited)",
					"@executable_path/Frameworks",
				);
				MARKETING_VERSION = 1.0;
				PRODUCT_BUNDLE_IDENTIFIER = iam.newsApp;
				PRODUCT_NAME = "$(TARGET_NAME)";
				SWIFT_EMIT_LOC_STRINGS = YES;
				SWIFT_VERSION = 5.0;
				TARGETED_DEVICE_FAMILY = "1,2";
			};
			name = Debug;
		};
		CE8604122B14BAF40057C455 /* Release */ = {
			isa = XCBuildConfiguration;
			buildSettings = {
				ASSETCATALOG_COMPILER_APPICON_NAME = AppIcon;
				ASSETCATALOG_COMPILER_GLOBAL_ACCENT_COLOR_NAME = AccentColor;
				CODE_SIGN_STYLE = Automatic;
				CURRENT_PROJECT_VERSION = 1;
				GENERATE_INFOPLIST_FILE = YES;
				INFOPLIST_FILE = newsApp/Info.plist;
				INFOPLIST_KEY_UIApplicationSupportsIndirectInputEvents = YES;
				INFOPLIST_KEY_UILaunchStoryboardName = LaunchScreen;
				INFOPLIST_KEY_UISupportedInterfaceOrientations_iPad = "UIInterfaceOrientationPortrait UIInterfaceOrientationPortraitUpsideDown UIInterfaceOrientationLandscapeLeft UIInterfaceOrientationLandscapeRight";
				INFOPLIST_KEY_UISupportedInterfaceOrientations_iPhone = "UIInterfaceOrientationPortrait UIInterfaceOrientationLandscapeLeft UIInterfaceOrientationLandscapeRight";
				LD_RUNPATH_SEARCH_PATHS = (
					"$(inherited)",
					"@executable_path/Frameworks",
				);
				MARKETING_VERSION = 1.0;
				PRODUCT_BUNDLE_IDENTIFIER = iam.newsApp;
				PRODUCT_NAME = "$(TARGET_NAME)";
				SWIFT_EMIT_LOC_STRINGS = YES;
				SWIFT_VERSION = 5.0;
				TARGETED_DEVICE_FAMILY = "1,2";
			};
			name = Release;
		};
/* End XCBuildConfiguration section */

/* Begin XCConfigurationList section */
		CE8603F72B14BAF30057C455 /* Build configuration list for PBXProject "newsApp" */ = {
			isa = XCConfigurationList;
			buildConfigurations = (
				CE86040E2B14BAF40057C455 /* Debug */,
				CE86040F2B14BAF40057C455 /* Release */,
			);
			defaultConfigurationIsVisible = 0;
			defaultConfigurationName = Release;
		};
		CE8604102B14BAF40057C455 /* Build configuration list for PBXNativeTarget "newsApp" */ = {
			isa = XCConfigurationList;
			buildConfigurations = (
				CE8604112B14BAF40057C455 /* Debug */,
				CE8604122B14BAF40057C455 /* Release */,
			);
			defaultConfigurationIsVisible = 0;
			defaultConfigurationName = Release;
		};
/* End XCConfigurationList section */

/* Begin XCRemoteSwiftPackageReference section */
		CE8604232B15FC410057C455 /* XCRemoteSwiftPackageReference "SnapKit" */ = {
			isa = XCRemoteSwiftPackageReference;
			repositoryURL = "https://github.com/SnapKit/SnapKit";
			requirement = {
				kind = upToNextMajorVersion;
				minimumVersion = 5.6.0;
			};
		};
/* End XCRemoteSwiftPackageReference section */

/* Begin XCSwiftPackageProductDependency section */
		CE8604242B15FC410057C455 /* SnapKit */ = {
			isa = XCSwiftPackageProductDependency;
			package = CE8604232B15FC410057C455 /* XCRemoteSwiftPackageReference "SnapKit" */;
			productName = SnapKit;
		};
		CE8604262B15FC410057C455 /* SnapKit-Dynamic */ = {
			isa = XCSwiftPackageProductDependency;
			package = CE8604232B15FC410057C455 /* XCRemoteSwiftPackageReference "SnapKit" */;
			productName = "SnapKit-Dynamic";
		};
/* End XCSwiftPackageProductDependency section */
	};
	rootObject = CE8603F42B14BAF30057C455 /* Project object */;
}
